# This file is autogenerated, do not edit; changes may be undone by the next 'dep ensure'.


[[projects]]
  branch = "master"
  name = "github.com/golang/freetype"
  packages = ["raster","truetype"]
  revision = "e2365dfdc4a05e4b8299a783240d4a7d5a65d4e4"

[[projects]]
  branch = "master"
  name = "github.com/kylelemons/gousb"
  packages = ["usb"]
  revision = "99e7ca4f01738df8a0d994f04e6cc05f8bd51c5e"

[[projects]]
  branch = "master"
  name = "github.com/llgcode/draw2d"
  packages = ["."]
  revision = "dcbfbe505d35de8166ccfc47ff9e4bb020473e18"

[[projects]]
  branch = "master"
  name = "github.com/llgcode/ps"
  packages = ["."]
  revision = "f1443b32eedb2b8d61447bf9431782ef901bf535"

[[projects]]
  branch = "master"
  name = "golang.org/x/image"
  packages = ["font","math/fixed"]
  revision = "e20db36d77bd0cb36cea8fe49d5c37d82d21591f"

[solve-meta]
  analyzer-name = "dep"
  analyzer-version = 1
  inputs-digest = "aed5c5c9211dfeb4f8df4f256a1118e66bad45ca79e3fef0d7742b384dd35cec"
  solver-name = "gps-cdcl"
  solver-version = 1
